
Microsoft Visual Studio Solution File, Format Version 12.00
# Visual Studio Version 17
VisualStudioVersion = 17.10.35027.167
MinimumVisualStudioVersion = 10.0.40219.1
Project("{FAE04EC0-301F-11D3-BF4B-00C04F79EFBC}") = "ProyectoReact.Server", "ProyectoReact.Server\ProyectoReact.Server.csproj", "{538D7E37-71EE-40D1-8B41-453A170D6759}"
EndProject
Project("{54A90642-561A-4BB1-A94E-469ADEE60C69}") = "proyectoreact.client", "proyectoreact.client\proyectoreact.client.esproj", "{0A614A37-57E6-4236-A29A-40AC8302A8F4}"
EndProject
Global
	GlobalSection(SolutionConfigurationPlatforms) = preSolution
		Debug|Any CPU = Debug|Any CPU
		Release|Any CPU = Release|Any CPU
	EndGlobalSection
	GlobalSection(ProjectConfigurationPlatforms) = postSolution
		{538D7E37-71EE-40D1-8B41-453A170D6759}.Debug|Any CPU.ActiveCfg = Debug|Any CPU
		{538D7E37-71EE-40D1-8B41-453A170D6759}.Debug|Any CPU.Build.0 = Debug|Any CPU
		{538D7E37-71EE-40D1-8B41-453A170D6759}.Release|Any CPU.ActiveCfg = Release|Any CPU
		{538D7E37-71EE-40D1-8B41-453A170D6759}.Release|Any CPU.Build.0 = Release|Any CPU
		{0A614A37-57E6-4236-A29A-40AC8302A8F4}.Debug|Any CPU.ActiveCfg = Debug|Any CPU
		{0A614A37-57E6-4236-A29A-40AC8302A8F4}.Debug|Any CPU.Build.0 = Debug|Any CPU
		{0A614A37-57E6-4236-A29A-40AC8302A8F4}.Debug|Any CPU.Deploy.0 = Debug|Any CPU
		{0A614A37-57E6-4236-A29A-40AC8302A8F4}.Release|Any CPU.ActiveCfg = Release|Any CPU
		{0A614A37-57E6-4236-A29A-40AC8302A8F4}.Release|Any CPU.Build.0 = Release|Any CPU
		{0A614A37-57E6-4236-A29A-40AC8302A8F4}.Release|Any CPU.Deploy.0 = Release|Any CPU
	EndGlobalSection
	GlobalSection(SolutionProperties) = preSolution
		HideSolutionNode = FALSE
	EndGlobalSection
	GlobalSection(ExtensibilityGlobals) = postSolution
		SolutionGuid = {76FA4B49-75EC-4925-83AE-16FF066E968E}
	EndGlobalSection
EndGlobal
